
Microsoft Visual Studio Solution File, Format Version 12.00
# Visual Studio Version 17
VisualStudioVersion = 17.10.34928.147
MinimumVisualStudioVersion = 10.0.40219.1
Project("{9A19103F-16F7-4668-BE54-9A1E7A4F7556}") = "ClassroomProject", "ClassroomProject.csproj", "{5BFC62D4-2197-4A4A-841B-0088C3E4D6FC}"
EndProject
Global
	GlobalSection(SolutionConfigurationPlatforms) = preSolution
		Debug|Any CPU = Debug|Any CPU
		Release|Any CPU = Release|Any CPU
	EndGlobalSection
	GlobalSection(ProjectConfigurationPlatforms) = postSolution
		{5BFC62D4-2197-4A4A-841B-0088C3E4D6FC}.Debug|Any CPU.ActiveCfg = Debug|Any CPU
		{5BFC62D4-2197-4A4A-841B-0088C3E4D6FC}.Debug|Any CPU.Build.0 = Debug|Any CPU
		{5BFC62D4-2197-4A4A-841B-0088C3E4D6FC}.Release|Any CPU.ActiveCfg = Release|Any CPU
		{5BFC62D4-2197-4A4A-841B-0088C3E4D6FC}.Release|Any CPU.Build.0 = Release|Any CPU
	EndGlobalSection
	GlobalSection(SolutionProperties) = preSolution
		HideSolutionNode = FALSE
	EndGlobalSection
	GlobalSection(ExtensibilityGlobals) = postSolution
		SolutionGuid = {90B60794-7C89-499E-8793-BAD658AF3DCC}
	EndGlobalSection
EndGlobal
