
Microsoft Visual Studio Solution File, Format Version 12.00
# Visual Studio Version 17
VisualStudioVersion = 17.10.34928.147
MinimumVisualStudioVersion = 10.0.40219.1
Project("{FAE04EC0-301F-11D3-BF4B-00C04F79EFBC}") = "FlowersWreaths", "FlowersWreaths\FlowersWreaths.csproj", "{7C1B23ED-C677-42AC-BE8C-EACF7B77E866}"
EndProject
Project("{FAE04EC0-301F-11D3-BF4B-00C04F79EFBC}") = "Bee", "Bee\Bee.csproj", "{70FAFBAD-AE0E-4080-82CF-C2F64CE852B7}"
EndProject
Global
	GlobalSection(SolutionConfigurationPlatforms) = preSolution
		Debug|Any CPU = Debug|Any CPU
		Release|Any CPU = Release|Any CPU
	EndGlobalSection
	GlobalSection(ProjectConfigurationPlatforms) = postSolution
		{7C1B23ED-C677-42AC-BE8C-EACF7B77E866}.Debug|Any CPU.ActiveCfg = Debug|Any CPU
		{7C1B23ED-C677-42AC-BE8C-EACF7B77E866}.Debug|Any CPU.Build.0 = Debug|Any CPU
		{7C1B23ED-C677-42AC-BE8C-EACF7B77E866}.Release|Any CPU.ActiveCfg = Release|Any CPU
		{7C1B23ED-C677-42AC-BE8C-EACF7B77E866}.Release|Any CPU.Build.0 = Release|Any CPU
		{70FAFBAD-AE0E-4080-82CF-C2F64CE852B7}.Debug|Any CPU.ActiveCfg = Debug|Any CPU
		{70FAFBAD-AE0E-4080-82CF-C2F64CE852B7}.Debug|Any CPU.Build.0 = Debug|Any CPU
		{70FAFBAD-AE0E-4080-82CF-C2F64CE852B7}.Release|Any CPU.ActiveCfg = Release|Any CPU
		{70FAFBAD-AE0E-4080-82CF-C2F64CE852B7}.Release|Any CPU.Build.0 = Release|Any CPU
	EndGlobalSection
	GlobalSection(SolutionProperties) = preSolution
		HideSolutionNode = FALSE
	EndGlobalSection
	GlobalSection(ExtensibilityGlobals) = postSolution
		SolutionGuid = {BADE468B-053A-4DDB-9E8A-B0AFAD79A46E}
	EndGlobalSection
EndGlobal
