
Microsoft Visual Studio Solution File, Format Version 12.00
# Visual Studio Version 17
VisualStudioVersion = 17.10.34916.146
MinimumVisualStudioVersion = 10.0.40219.1
Project("{FAE04EC0-301F-11D3-BF4B-00C04F79EFBC}") = "Car", "Car\Car.csproj", "{F71E26D0-029F-4E01-BB55-1C88C6F8FC1D}"
EndProject
Project("{FAE04EC0-301F-11D3-BF4B-00C04F79EFBC}") = "CarExtension", "CarExtension\CarExtension.csproj", "{F837B2CA-135D-4F28-9104-25E200B03568}"
EndProject
Project("{FAE04EC0-301F-11D3-BF4B-00C04F79EFBC}") = "CarConstructors", "CarConstructors\CarConstructors.csproj", "{B72A43FD-54D9-4322-B7E0-49C31BFE2618}"
EndProject
Project("{FAE04EC0-301F-11D3-BF4B-00C04F79EFBC}") = "CarEngineAndTires", "CarEngineAndTires\CarEngineAndTires.csproj", "{B217D619-0EBD-478A-AC3A-AAFAD3B59DD4}"
EndProject
Project("{FAE04EC0-301F-11D3-BF4B-00C04F79EFBC}") = "SpecialCars", "SpecialCars\SpecialCars.csproj", "{9122124F-A293-4A17-9159-71C785CDB269}"
EndProject
Global
	GlobalSection(SolutionConfigurationPlatforms) = preSolution
		Debug|Any CPU = Debug|Any CPU
		Release|Any CPU = Release|Any CPU
	EndGlobalSection
	GlobalSection(ProjectConfigurationPlatforms) = postSolution
		{F71E26D0-029F-4E01-BB55-1C88C6F8FC1D}.Debug|Any CPU.ActiveCfg = Debug|Any CPU
		{F71E26D0-029F-4E01-BB55-1C88C6F8FC1D}.Debug|Any CPU.Build.0 = Debug|Any CPU
		{F71E26D0-029F-4E01-BB55-1C88C6F8FC1D}.Release|Any CPU.ActiveCfg = Release|Any CPU
		{F71E26D0-029F-4E01-BB55-1C88C6F8FC1D}.Release|Any CPU.Build.0 = Release|Any CPU
		{F837B2CA-135D-4F28-9104-25E200B03568}.Debug|Any CPU.ActiveCfg = Debug|Any CPU
		{F837B2CA-135D-4F28-9104-25E200B03568}.Debug|Any CPU.Build.0 = Debug|Any CPU
		{F837B2CA-135D-4F28-9104-25E200B03568}.Release|Any CPU.ActiveCfg = Release|Any CPU
		{F837B2CA-135D-4F28-9104-25E200B03568}.Release|Any CPU.Build.0 = Release|Any CPU
		{B72A43FD-54D9-4322-B7E0-49C31BFE2618}.Debug|Any CPU.ActiveCfg = Debug|Any CPU
		{B72A43FD-54D9-4322-B7E0-49C31BFE2618}.Debug|Any CPU.Build.0 = Debug|Any CPU
		{B72A43FD-54D9-4322-B7E0-49C31BFE2618}.Release|Any CPU.ActiveCfg = Release|Any CPU
		{B72A43FD-54D9-4322-B7E0-49C31BFE2618}.Release|Any CPU.Build.0 = Release|Any CPU
		{B217D619-0EBD-478A-AC3A-AAFAD3B59DD4}.Debug|Any CPU.ActiveCfg = Debug|Any CPU
		{B217D619-0EBD-478A-AC3A-AAFAD3B59DD4}.Debug|Any CPU.Build.0 = Debug|Any CPU
		{B217D619-0EBD-478A-AC3A-AAFAD3B59DD4}.Release|Any CPU.ActiveCfg = Release|Any CPU
		{B217D619-0EBD-478A-AC3A-AAFAD3B59DD4}.Release|Any CPU.Build.0 = Release|Any CPU
		{9122124F-A293-4A17-9159-71C785CDB269}.Debug|Any CPU.ActiveCfg = Debug|Any CPU
		{9122124F-A293-4A17-9159-71C785CDB269}.Debug|Any CPU.Build.0 = Debug|Any CPU
		{9122124F-A293-4A17-9159-71C785CDB269}.Release|Any CPU.ActiveCfg = Release|Any CPU
		{9122124F-A293-4A17-9159-71C785CDB269}.Release|Any CPU.Build.0 = Release|Any CPU
	EndGlobalSection
	GlobalSection(SolutionProperties) = preSolution
		HideSolutionNode = FALSE
	EndGlobalSection
	GlobalSection(ExtensibilityGlobals) = postSolution
		SolutionGuid = {6918E6C1-4B74-4C03-B75D-059049D16217}
	EndGlobalSection
EndGlobal
