
Microsoft Visual Studio Solution File, Format Version 12.00
# Visual Studio Version 17
VisualStudioVersion = 17.10.34928.147
MinimumVisualStudioVersion = 10.0.40219.1
Project("{FAE04EC0-301F-11D3-BF4B-00C04F79EFBC}") = "Scheduling", "Scheduling\Scheduling.csproj", "{329F4391-3BDB-4F93-8619-876CE9F76672}"
EndProject
Project("{FAE04EC0-301F-11D3-BF4B-00C04F79EFBC}") = "Garden", "Garden\Garden.csproj", "{4C4D1A5A-FC64-4176-8EF1-39805EA3C086}"
EndProject
Global
	GlobalSection(SolutionConfigurationPlatforms) = preSolution
		Debug|Any CPU = Debug|Any CPU
		Release|Any CPU = Release|Any CPU
	EndGlobalSection
	GlobalSection(ProjectConfigurationPlatforms) = postSolution
		{329F4391-3BDB-4F93-8619-876CE9F76672}.Debug|Any CPU.ActiveCfg = Debug|Any CPU
		{329F4391-3BDB-4F93-8619-876CE9F76672}.Debug|Any CPU.Build.0 = Debug|Any CPU
		{329F4391-3BDB-4F93-8619-876CE9F76672}.Release|Any CPU.ActiveCfg = Release|Any CPU
		{329F4391-3BDB-4F93-8619-876CE9F76672}.Release|Any CPU.Build.0 = Release|Any CPU
		{4C4D1A5A-FC64-4176-8EF1-39805EA3C086}.Debug|Any CPU.ActiveCfg = Debug|Any CPU
		{4C4D1A5A-FC64-4176-8EF1-39805EA3C086}.Debug|Any CPU.Build.0 = Debug|Any CPU
		{4C4D1A5A-FC64-4176-8EF1-39805EA3C086}.Release|Any CPU.ActiveCfg = Release|Any CPU
		{4C4D1A5A-FC64-4176-8EF1-39805EA3C086}.Release|Any CPU.Build.0 = Release|Any CPU
	EndGlobalSection
	GlobalSection(SolutionProperties) = preSolution
		HideSolutionNode = FALSE
	EndGlobalSection
	GlobalSection(ExtensibilityGlobals) = postSolution
		SolutionGuid = {1B14D2A3-F5D4-447A-9C31-D6C74D08FCBA}
	EndGlobalSection
EndGlobal
