
Microsoft Visual Studio Solution File, Format Version 12.00
# Visual Studio Version 17
VisualStudioVersion = 17.10.34928.147
MinimumVisualStudioVersion = 10.0.40219.1
Project("{FAE04EC0-301F-11D3-BF4B-00C04F79EFBC}") = "ChickenSnack", "ChickenSnack\ChickenSnack.csproj", "{D319AAC2-4E49-42D5-AF4B-A036426A50CC}"
EndProject
Project("{FAE04EC0-301F-11D3-BF4B-00C04F79EFBC}") = "ClearSkies", "ClearSkies\ClearSkies.csproj", "{D4BF5187-FE15-49C0-A70D-01667ADFE18C}"
EndProject
Global
	GlobalSection(SolutionConfigurationPlatforms) = preSolution
		Debug|Any CPU = Debug|Any CPU
		Release|Any CPU = Release|Any CPU
	EndGlobalSection
	GlobalSection(ProjectConfigurationPlatforms) = postSolution
		{D319AAC2-4E49-42D5-AF4B-A036426A50CC}.Debug|Any CPU.ActiveCfg = Debug|Any CPU
		{D319AAC2-4E49-42D5-AF4B-A036426A50CC}.Debug|Any CPU.Build.0 = Debug|Any CPU
		{D319AAC2-4E49-42D5-AF4B-A036426A50CC}.Release|Any CPU.ActiveCfg = Release|Any CPU
		{D319AAC2-4E49-42D5-AF4B-A036426A50CC}.Release|Any CPU.Build.0 = Release|Any CPU
		{D4BF5187-FE15-49C0-A70D-01667ADFE18C}.Debug|Any CPU.ActiveCfg = Debug|Any CPU
		{D4BF5187-FE15-49C0-A70D-01667ADFE18C}.Debug|Any CPU.Build.0 = Debug|Any CPU
		{D4BF5187-FE15-49C0-A70D-01667ADFE18C}.Release|Any CPU.ActiveCfg = Release|Any CPU
		{D4BF5187-FE15-49C0-A70D-01667ADFE18C}.Release|Any CPU.Build.0 = Release|Any CPU
	EndGlobalSection
	GlobalSection(SolutionProperties) = preSolution
		HideSolutionNode = FALSE
	EndGlobalSection
	GlobalSection(ExtensibilityGlobals) = postSolution
		SolutionGuid = {41AA1358-4A49-4B0F-8696-C2D8572C3D35}
	EndGlobalSection
EndGlobal
