
Microsoft Visual Studio Solution File, Format Version 12.00
# Visual Studio Version 17
VisualStudioVersion = 17.10.34928.147
MinimumVisualStudioVersion = 10.0.40219.1
Project("{FAE04EC0-301F-11D3-BF4B-00C04F79EFBC}") = "RapidCourier", "Problem1\RapidCourier.csproj", "{EDDA57DF-6CAE-4787-9AA6-93024F21BCF6}"
EndProject
Project("{FAE04EC0-301F-11D3-BF4B-00C04F79EFBC}") = "Matrix", "Matrix\Matrix.csproj", "{D2F29F7F-F654-42E8-8B2C-820B0A27ABBD}"
EndProject
Global
	GlobalSection(SolutionConfigurationPlatforms) = preSolution
		Debug|Any CPU = Debug|Any CPU
		Release|Any CPU = Release|Any CPU
	EndGlobalSection
	GlobalSection(ProjectConfigurationPlatforms) = postSolution
		{EDDA57DF-6CAE-4787-9AA6-93024F21BCF6}.Debug|Any CPU.ActiveCfg = Debug|Any CPU
		{EDDA57DF-6CAE-4787-9AA6-93024F21BCF6}.Debug|Any CPU.Build.0 = Debug|Any CPU
		{EDDA57DF-6CAE-4787-9AA6-93024F21BCF6}.Release|Any CPU.ActiveCfg = Release|Any CPU
		{EDDA57DF-6CAE-4787-9AA6-93024F21BCF6}.Release|Any CPU.Build.0 = Release|Any CPU
		{D2F29F7F-F654-42E8-8B2C-820B0A27ABBD}.Debug|Any CPU.ActiveCfg = Debug|Any CPU
		{D2F29F7F-F654-42E8-8B2C-820B0A27ABBD}.Debug|Any CPU.Build.0 = Debug|Any CPU
		{D2F29F7F-F654-42E8-8B2C-820B0A27ABBD}.Release|Any CPU.ActiveCfg = Release|Any CPU
		{D2F29F7F-F654-42E8-8B2C-820B0A27ABBD}.Release|Any CPU.Build.0 = Release|Any CPU
	EndGlobalSection
	GlobalSection(SolutionProperties) = preSolution
		HideSolutionNode = FALSE
	EndGlobalSection
	GlobalSection(ExtensibilityGlobals) = postSolution
		SolutionGuid = {166FDE4E-A955-4ECF-AD71-4FD108019A95}
	EndGlobalSection
EndGlobal
