
Microsoft Visual Studio Solution File, Format Version 12.00
# Visual Studio Version 17
VisualStudioVersion = 17.10.34928.147
MinimumVisualStudioVersion = 10.0.40219.1
Project("{9A19103F-16F7-4668-BE54-9A1E7A4F7556}") = "WarmWinter", "WarmWinter\WarmWinter.csproj", "{B2F23BF1-B2F1-4FF1-A101-4D1227CC4492}"
EndProject
Project("{FAE04EC0-301F-11D3-BF4B-00C04F79EFBC}") = "SuperMario", "SuperMario\SuperMario.csproj", "{98C86807-C946-4179-9860-327B8DC04682}"
EndProject
Global
	GlobalSection(SolutionConfigurationPlatforms) = preSolution
		Debug|Any CPU = Debug|Any CPU
		Release|Any CPU = Release|Any CPU
	EndGlobalSection
	GlobalSection(ProjectConfigurationPlatforms) = postSolution
		{B2F23BF1-B2F1-4FF1-A101-4D1227CC4492}.Debug|Any CPU.ActiveCfg = Debug|Any CPU
		{B2F23BF1-B2F1-4FF1-A101-4D1227CC4492}.Debug|Any CPU.Build.0 = Debug|Any CPU
		{B2F23BF1-B2F1-4FF1-A101-4D1227CC4492}.Release|Any CPU.ActiveCfg = Release|Any CPU
		{B2F23BF1-B2F1-4FF1-A101-4D1227CC4492}.Release|Any CPU.Build.0 = Release|Any CPU
		{98C86807-C946-4179-9860-327B8DC04682}.Debug|Any CPU.ActiveCfg = Debug|Any CPU
		{98C86807-C946-4179-9860-327B8DC04682}.Debug|Any CPU.Build.0 = Debug|Any CPU
		{98C86807-C946-4179-9860-327B8DC04682}.Release|Any CPU.ActiveCfg = Release|Any CPU
		{98C86807-C946-4179-9860-327B8DC04682}.Release|Any CPU.Build.0 = Release|Any CPU
	EndGlobalSection
	GlobalSection(SolutionProperties) = preSolution
		HideSolutionNode = FALSE
	EndGlobalSection
	GlobalSection(ExtensibilityGlobals) = postSolution
		SolutionGuid = {67DD2E6C-A5DE-4BAF-BE84-955DD802EE0B}
	EndGlobalSection
EndGlobal
